github.com/AthenZ/athenz v1.11.62 h1:bKQtCBp10AsS2YIBPcHwBA1fgxOMOAKluwbkydqG1Kg=
github.com/AthenZ/athenz v1.11.62/go.mod h1:5rBew3PH1ZUV/FegFMhe/vgEbn9lgOF56gWXq3wxVqs=
github.com/ardielle/ardielle-go v1.5.2 h1:TilHTpHIQJ27R1Tl/iITBzMwiUGSlVfiVhwDNGM3Zj4=
github.com/ardielle/ardielle-go v1.5.2/go.mod h1:I4hy1n795cUhaVt/ojz83SNVCYIGsAFAONtv2Dr7HUI=
